
Microsoft Visual Studio Solution File, Format Version 12.00
# Visual Studio 15
VisualStudioVersion = 15.0.27004.2005
MinimumVisualStudioVersion = 10.0.40219.1
Project("{FAE04EC0-301F-11D3-BF4B-00C04F79EFBC}") = "Alfheim.GUI", "Alfheim.GUI\Alfheim.GUI.csproj", "{B4283830-FF02-44F3-B5BD-29B3E7B22D3A}"
EndProject
Project("{FAE04EC0-301F-11D3-BF4B-00C04F79EFBC}") = "Alfheim.FuzzyLogic", "Alfheim.FuzzyLogic\Alfheim.FuzzyLogic.csproj", "{8ED10668-B80E-4B3D-A091-66B64F9F7013}"
EndProject
Project("{FAE04EC0-301F-11D3-BF4B-00C04F79EFBC}") = "Alfheim.Tests", "Alfheim.Tests\Alfheim.Tests.csproj", "{C59D4CCA-DE02-4742-A2D3-D186E5B51CA6}"
EndProject
Project("{FAE04EC0-301F-11D3-BF4B-00C04F79EFBC}") = "Alfheim.GMDShell", "Alfheim.GMDShell\Alfheim.GMDShell.csproj", "{9FD3F84F-771B-42DD-8A81-D21734369AAA}"
EndProject
Global
	GlobalSection(SolutionConfigurationPlatforms) = preSolution
		Debug|Any CPU = Debug|Any CPU
		Release|Any CPU = Release|Any CPU
	EndGlobalSection
	GlobalSection(ProjectConfigurationPlatforms) = postSolution
		{B4283830-FF02-44F3-B5BD-29B3E7B22D3A}.Debug|Any CPU.ActiveCfg = Debug|Any CPU
		{B4283830-FF02-44F3-B5BD-29B3E7B22D3A}.Debug|Any CPU.Build.0 = Debug|Any CPU
		{B4283830-FF02-44F3-B5BD-29B3E7B22D3A}.Release|Any CPU.ActiveCfg = Release|Any CPU
		{B4283830-FF02-44F3-B5BD-29B3E7B22D3A}.Release|Any CPU.Build.0 = Release|Any CPU
		{8ED10668-B80E-4B3D-A091-66B64F9F7013}.Debug|Any CPU.ActiveCfg = Debug|Any CPU
		{8ED10668-B80E-4B3D-A091-66B64F9F7013}.Debug|Any CPU.Build.0 = Debug|Any CPU
		{8ED10668-B80E-4B3D-A091-66B64F9F7013}.Release|Any CPU.ActiveCfg = Release|Any CPU
		{8ED10668-B80E-4B3D-A091-66B64F9F7013}.Release|Any CPU.Build.0 = Release|Any CPU
		{C59D4CCA-DE02-4742-A2D3-D186E5B51CA6}.Debug|Any CPU.ActiveCfg = Debug|Any CPU
		{C59D4CCA-DE02-4742-A2D3-D186E5B51CA6}.Debug|Any CPU.Build.0 = Debug|Any CPU
		{C59D4CCA-DE02-4742-A2D3-D186E5B51CA6}.Release|Any CPU.ActiveCfg = Release|Any CPU
		{C59D4CCA-DE02-4742-A2D3-D186E5B51CA6}.Release|Any CPU.Build.0 = Release|Any CPU
		{9FD3F84F-771B-42DD-8A81-D21734369AAA}.Debug|Any CPU.ActiveCfg = Debug|Any CPU
		{9FD3F84F-771B-42DD-8A81-D21734369AAA}.Debug|Any CPU.Build.0 = Debug|Any CPU
		{9FD3F84F-771B-42DD-8A81-D21734369AAA}.Release|Any CPU.ActiveCfg = Release|Any CPU
		{9FD3F84F-771B-42DD-8A81-D21734369AAA}.Release|Any CPU.Build.0 = Release|Any CPU
	EndGlobalSection
	GlobalSection(SolutionProperties) = preSolution
		HideSolutionNode = FALSE
	EndGlobalSection
	GlobalSection(ExtensibilityGlobals) = postSolution
		SolutionGuid = {0EEE0DE4-19B3-4645-B672-08DE1F634752}
	EndGlobalSection
EndGlobal
